
Microsoft Visual Studio Solution File, Format Version 12.00
# Visual Studio Version 17
VisualStudioVersion = 17.11.35222.181
MinimumVisualStudioVersion = 10.0.40219.1
Project("{FAE04EC0-301F-11D3-BF4B-00C04F79EFBC}") = "ConsoleApp6", "ConsoleApp6\ConsoleApp6.csproj", "{A3A234C6-2C82-44CC-B5C4-722876ED935F}"
EndProject
Global
	GlobalSection(SolutionConfigurationPlatforms) = preSolution
		Debug|Any CPU = Debug|Any CPU
		Release|Any CPU = Release|Any CPU
	EndGlobalSection
	GlobalSection(ProjectConfigurationPlatforms) = postSolution
		{A3A234C6-2C82-44CC-B5C4-722876ED935F}.Debug|Any CPU.ActiveCfg = Debug|Any CPU
		{A3A234C6-2C82-44CC-B5C4-722876ED935F}.Debug|Any CPU.Build.0 = Debug|Any CPU
		{A3A234C6-2C82-44CC-B5C4-722876ED935F}.Release|Any CPU.ActiveCfg = Release|Any CPU
		{A3A234C6-2C82-44CC-B5C4-722876ED935F}.Release|Any CPU.Build.0 = Release|Any CPU
	EndGlobalSection
	GlobalSection(SolutionProperties) = preSolution
		HideSolutionNode = FALSE
	EndGlobalSection
	GlobalSection(ExtensibilityGlobals) = postSolution
		SolutionGuid = {0DF02FA5-5621-495E-A222-5F14EFB91129}
	EndGlobalSection
EndGlobal
